
Microsoft Visual Studio Solution File, Format Version 12.00
# Visual Studio Version 17
VisualStudioVersion = 17.0.31903.59
MinimumVisualStudioVersion = 10.0.40219.1
Project("{FAE04EC0-301F-11D3-BF4B-00C04F79EFBC}") = "Book-Management.Domain", "src\Book-Management.Domain\Book-Management.Domain.csproj", "{97078DAE-2DDF-4E4B-B356-EA6E54FC0714}"
EndProject
Project("{FAE04EC0-301F-11D3-BF4B-00C04F79EFBC}") = "Book-Management.Infrastructure", "src\Book-Management.Infrastructure\Book-Management.Infrastructure.csproj", "{0510E0A2-414D-4E51-A09A-CF630BA31465}"
EndProject
Project("{FAE04EC0-301F-11D3-BF4B-00C04F79EFBC}") = "Book-Management.Api", "Book-Management.Api\Book-Management.Api.csproj", "{3161362D-CD5B-4565-B263-C26184456B9D}"
EndProject
Global
	GlobalSection(SolutionConfigurationPlatforms) = preSolution
		Debug|Any CPU = Debug|Any CPU
		Release|Any CPU = Release|Any CPU
	EndGlobalSection
	GlobalSection(ProjectConfigurationPlatforms) = postSolution
		{97078DAE-2DDF-4E4B-B356-EA6E54FC0714}.Debug|Any CPU.ActiveCfg = Debug|Any CPU
		{97078DAE-2DDF-4E4B-B356-EA6E54FC0714}.Debug|Any CPU.Build.0 = Debug|Any CPU
		{97078DAE-2DDF-4E4B-B356-EA6E54FC0714}.Release|Any CPU.ActiveCfg = Release|Any CPU
		{97078DAE-2DDF-4E4B-B356-EA6E54FC0714}.Release|Any CPU.Build.0 = Release|Any CPU
		{0510E0A2-414D-4E51-A09A-CF630BA31465}.Debug|Any CPU.ActiveCfg = Debug|Any CPU
		{0510E0A2-414D-4E51-A09A-CF630BA31465}.Debug|Any CPU.Build.0 = Debug|Any CPU
		{0510E0A2-414D-4E51-A09A-CF630BA31465}.Release|Any CPU.ActiveCfg = Release|Any CPU
		{0510E0A2-414D-4E51-A09A-CF630BA31465}.Release|Any CPU.Build.0 = Release|Any CPU
		{3161362D-CD5B-4565-B263-C26184456B9D}.Debug|Any CPU.ActiveCfg = Debug|Any CPU
		{3161362D-CD5B-4565-B263-C26184456B9D}.Debug|Any CPU.Build.0 = Debug|Any CPU
		{3161362D-CD5B-4565-B263-C26184456B9D}.Release|Any CPU.ActiveCfg = Release|Any CPU
		{3161362D-CD5B-4565-B263-C26184456B9D}.Release|Any CPU.Build.0 = Release|Any CPU
	EndGlobalSection
	GlobalSection(SolutionProperties) = preSolution
		HideSolutionNode = FALSE
	EndGlobalSection
EndGlobal
